
Microsoft Visual Studio Solution File, Format Version 12.00
# Visual Studio Version 16
VisualStudioVersion = 25.0.1706.3
MinimumVisualStudioVersion = 10.0.40219.1
Project("{FAE04EC0-301F-11D3-BF4B-00C04F79EFBC}") = "JwtWebApiTutorial", "JwtWebApiTutorial.csproj", "{205A806F-193F-4906-A64D-A9A33C1E6ADF}"
EndProject
Global
	GlobalSection(SolutionConfigurationPlatforms) = preSolution
		Debug|Any CPU = Debug|Any CPU
		Release|Any CPU = Release|Any CPU
	EndGlobalSection
	GlobalSection(ProjectConfigurationPlatforms) = postSolution
		{205A806F-193F-4906-A64D-A9A33C1E6ADF}.Debug|Any CPU.ActiveCfg = Debug|Any CPU
		{205A806F-193F-4906-A64D-A9A33C1E6ADF}.Debug|Any CPU.Build.0 = Debug|Any CPU
		{205A806F-193F-4906-A64D-A9A33C1E6ADF}.Release|Any CPU.ActiveCfg = Release|Any CPU
		{205A806F-193F-4906-A64D-A9A33C1E6ADF}.Release|Any CPU.Build.0 = Release|Any CPU
	EndGlobalSection
	GlobalSection(SolutionProperties) = preSolution
		HideSolutionNode = FALSE
	EndGlobalSection
	GlobalSection(ExtensibilityGlobals) = postSolution
		SolutionGuid = {DCFA3CA7-3648-43E1-96B1-4BB8F80DEAD0}
	EndGlobalSection
EndGlobal
